
Microsoft Visual Studio Solution File, Format Version 12.00
# Visual Studio Version 17
VisualStudioVersion = 17.0.31912.275
MinimumVisualStudioVersion = 10.0.40219.1
Project("{9A19103F-16F7-4668-BE54-9A1E7A4F7556}") = "AuctioNator.House", "AuctioNator.House.csproj", "{FEDD6DA4-8B66-4956-A702-489339E02865}"
EndProject
Global
	GlobalSection(SolutionConfigurationPlatforms) = preSolution
		Debug|Any CPU = Debug|Any CPU
		Release|Any CPU = Release|Any CPU
	EndGlobalSection
	GlobalSection(ProjectConfigurationPlatforms) = postSolution
		{FEDD6DA4-8B66-4956-A702-489339E02865}.Debug|Any CPU.ActiveCfg = Debug|Any CPU
		{FEDD6DA4-8B66-4956-A702-489339E02865}.Debug|Any CPU.Build.0 = Debug|Any CPU
		{FEDD6DA4-8B66-4956-A702-489339E02865}.Release|Any CPU.ActiveCfg = Release|Any CPU
		{FEDD6DA4-8B66-4956-A702-489339E02865}.Release|Any CPU.Build.0 = Release|Any CPU
	EndGlobalSection
	GlobalSection(SolutionProperties) = preSolution
		HideSolutionNode = FALSE
	EndGlobalSection
	GlobalSection(ExtensibilityGlobals) = postSolution
		SolutionGuid = {D84D1B6B-14D5-4714-A062-073AF41206DD}
	EndGlobalSection
EndGlobal
